
Microsoft Visual Studio Solution File, Format Version 12.00
# Visual Studio Version 16
VisualStudioVersion = 16.0.810.8
MinimumVisualStudioVersion = 10.0.40219.1
Project("{FAE04EC0-301F-11D3-BF4B-00C04F79EFBC}") = "PokemonGo", "PokemonGo\PokemonGo.csproj", "{9D56EF9E-948C-4FB7-906E-6EF68436F8DC}"
EndProject
Global
	GlobalSection(SolutionConfigurationPlatforms) = preSolution
		Debug|Any CPU = Debug|Any CPU
		Release|Any CPU = Release|Any CPU
	EndGlobalSection
	GlobalSection(ProjectConfigurationPlatforms) = postSolution
		{9D56EF9E-948C-4FB7-906E-6EF68436F8DC}.Debug|Any CPU.ActiveCfg = Debug|Any CPU
		{9D56EF9E-948C-4FB7-906E-6EF68436F8DC}.Debug|Any CPU.Build.0 = Debug|Any CPU
		{9D56EF9E-948C-4FB7-906E-6EF68436F8DC}.Release|Any CPU.ActiveCfg = Release|Any CPU
		{9D56EF9E-948C-4FB7-906E-6EF68436F8DC}.Release|Any CPU.Build.0 = Release|Any CPU
	EndGlobalSection
	GlobalSection(SolutionProperties) = preSolution
		HideSolutionNode = FALSE
	EndGlobalSection
	GlobalSection(ExtensibilityGlobals) = postSolution
		SolutionGuid = {9FECAB5D-E2D4-4F3C-88D8-E72B5F4D2F6D}
	EndGlobalSection
EndGlobal
